{
  "name": "restfull_node",
  "version": "1.0.0",
  "lockfileVersion": 1,
  "requires": true,
  "dependencies": {
    "accepts": {
      "version": "https://npm-repo-coral.symphony-solutions.eu/repository/npm-all/accepts/-/accepts-1.3.4.tgz",
      "integrity": "sha1-hiRnWMfdbSGmR0/whKR0DsBesh8=",
      "requires": {
        "mime-types": "https://npm-repo-coral.symphony-solutions.eu/repository/npm-all/mime-types/-/mime-types-2.1.17.tgz",
        "negotiator": "https://npm-repo-coral.symphony-solutions.eu/repository/npm-all/negotiator/-/negotiator-0.6.1.tgz"
      }
    },
    "array-flatten": {
      "version": "https://npm-repo-coral.symphony-solutions.eu/repository/npm-all/array-flatten/-/array-flatten-1.1.1.tgz",
      "integrity": "sha1-ml9pkFGx5wczKPKgCJaLZOopVdI="
    },
    "async": {
      "version": "http://registry.npmjs.org/async/-/async-2.1.4.tgz",
      "integrity": "sha1-LSFgx3iAMuTdbL4lAvH5osj2zeQ=",
      "requires": {
        "lodash": "https://npm-repo-coral.symphony-solutions.eu/repository/npm-all/lodash/-/lodash-4.17.4.tgz"
      }
    },
    "bluebird": {
      "version": "https://npm-repo-coral.symphony-solutions.eu/repository/npm-all/bluebird/-/bluebird-3.5.1.tgz",
      "integrity": "sha1-2VUfnemPH82h5oPRfukaBgLuLrk="
    },
    "body-parser": {
      "version": "https://npm-repo-coral.symphony-solutions.eu/repository/npm-all/body-parser/-/body-parser-1.18.2.tgz",
      "integrity": "sha1-h2eKGdhLR9hZuDGZvVm84iKxBFQ=",
      "requires": {
        "bytes": "https://npm-repo-coral.symphony-solutions.eu/repository/npm-all/bytes/-/bytes-3.0.0.tgz",
        "content-type": "https://npm-repo-coral.symphony-solutions.eu/repository/npm-all/content-type/-/content-type-1.0.4.tgz",
        "debug": "https://npm-repo-coral.symphony-solutions.eu/repository/npm-all/debug/-/debug-2.6.9.tgz",
        "depd": "https://npm-repo-coral.symphony-solutions.eu/repository/npm-all/depd/-/depd-1.1.1.tgz",
        "http-errors": "https://npm-repo-coral.symphony-solutions.eu/repository/npm-all/http-errors/-/http-errors-1.6.2.tgz",
        "iconv-lite": "https://npm-repo-coral.symphony-solutions.eu/repository/npm-all/iconv-lite/-/iconv-lite-0.4.19.tgz",
        "on-finished": "https://npm-repo-coral.symphony-solutions.eu/repository/npm-all/on-finished/-/on-finished-2.3.0.tgz",
        "qs": "https://npm-repo-coral.symphony-solutions.eu/repository/npm-all/qs/-/qs-6.5.1.tgz",
        "raw-body": "https://npm-repo-coral.symphony-solutions.eu/repository/npm-all/raw-body/-/raw-body-2.3.2.tgz",
        "type-is": "https://npm-repo-coral.symphony-solutions.eu/repository/npm-all/type-is/-/type-is-1.6.15.tgz"
      }
    },
    "bson": {
      "version": "http://registry.npmjs.org/bson/-/bson-1.0.4.tgz",
      "integrity": "sha1-k8ENOeqltYQVy8QFLz5T5WKwtyw="
    },
    "buffer-shims": {
      "version": "http://registry.npmjs.org/buffer-shims/-/buffer-shims-1.0.0.tgz",
      "integrity": "sha1-mXjOMXOIxkmth5MCjDR37wRKi1E="
    },
    "bytes": {
      "version": "https://npm-repo-coral.symphony-solutions.eu/repository/npm-all/bytes/-/bytes-3.0.0.tgz",
      "integrity": "sha1-0ygVQE1olpn4Wk6k+odV3ROpYEg="
    },
    "content-disposition": {
      "version": "https://npm-repo-coral.symphony-solutions.eu/repository/npm-all/content-disposition/-/content-disposition-0.5.2.tgz",
      "integrity": "sha1-DPaLud318r55YcOoUXjLhdunjLQ="
    },
    "content-type": {
      "version": "https://npm-repo-coral.symphony-solutions.eu/repository/npm-all/content-type/-/content-type-1.0.4.tgz",
      "integrity": "sha1-4TjMdeBAxyexlm/l5fjJruJW/js="
    },
    "cookie": {
      "version": "https://npm-repo-coral.symphony-solutions.eu/repository/npm-all/cookie/-/cookie-0.3.1.tgz",
      "integrity": "sha1-5+Ch+e9DtMi6klxcWpboBtFoc7s="
    },
    "cookie-signature": {
      "version": "https://npm-repo-coral.symphony-solutions.eu/repository/npm-all/cookie-signature/-/cookie-signature-1.0.6.tgz",
      "integrity": "sha1-4wOogrNCzD7oylE6eZmXNNqzriw="
    },
    "core-util-is": {
      "version": "https://npm-repo-coral.symphony-solutions.eu/repository/npm-all/core-util-is/-/core-util-is-1.0.2.tgz",
      "integrity": "sha1-tf1UIgqivFq1eqtxQMlAdUUDwac="
    },
    "debug": {
      "version": "https://npm-repo-coral.symphony-solutions.eu/repository/npm-all/debug/-/debug-2.6.9.tgz",
      "integrity": "sha1-XRKFFd8TT/Mn6QpMk/Tgd6U2NB8=",
      "requires": {
        "ms": "https://npm-repo-coral.symphony-solutions.eu/repository/npm-all/ms/-/ms-2.0.0.tgz"
      }
    },
    "depd": {
      "version": "https://npm-repo-coral.symphony-solutions.eu/repository/npm-all/depd/-/depd-1.1.1.tgz",
      "integrity": "sha1-V4O04cRZ8G+lyif5kfPQbnoxA1k="
    },
    "destroy": {
      "version": "https://npm-repo-coral.symphony-solutions.eu/repository/npm-all/destroy/-/destroy-1.0.4.tgz",
      "integrity": "sha1-l4hXRCxEdJ5CBmE+N5RiBYJqvYA="
    },
    "ee-first": {
      "version": "https://npm-repo-coral.symphony-solutions.eu/repository/npm-all/ee-first/-/ee-first-1.1.1.tgz",
      "integrity": "sha1-WQxhFWsK4vTwJVcyoViyZrxWsh0="
    },
    "encodeurl": {
      "version": "https://npm-repo-coral.symphony-solutions.eu/repository/npm-all/encodeurl/-/encodeurl-1.0.1.tgz",
      "integrity": "sha1-eePVhlU0aQn+bw9Fpd5oEDspTSA="
    },
    "es6-promise": {
      "version": "http://registry.npmjs.org/es6-promise/-/es6-promise-3.2.1.tgz",
      "integrity": "sha1-7FYjOGgDKQkgcXDDlEjiREndH8Q="
    },
    "escape-html": {
      "version": "https://npm-repo-coral.symphony-solutions.eu/repository/npm-all/escape-html/-/escape-html-1.0.3.tgz",
      "integrity": "sha1-Aljq5NPQwJdN4cFpGI7wBR0dGYg="
    },
    "etag": {
      "version": "http://registry.npmjs.org/etag/-/etag-1.8.1.tgz",
      "integrity": "sha1-Qa4u62XvpiJorr/qg6x9eSmbCIc="
    },
    "express": {
      "version": "http://registry.npmjs.org/express/-/express-4.16.2.tgz",
      "integrity": "sha1-41xt/i1kt9ygpc1PIXgb4ymeB2w=",
      "requires": {
        "accepts": "https://npm-repo-coral.symphony-solutions.eu/repository/npm-all/accepts/-/accepts-1.3.4.tgz",
        "array-flatten": "https://npm-repo-coral.symphony-solutions.eu/repository/npm-all/array-flatten/-/array-flatten-1.1.1.tgz",
        "body-parser": "https://npm-repo-coral.symphony-solutions.eu/repository/npm-all/body-parser/-/body-parser-1.18.2.tgz",
        "content-disposition": "https://npm-repo-coral.symphony-solutions.eu/repository/npm-all/content-disposition/-/content-disposition-0.5.2.tgz",
        "content-type": "https://npm-repo-coral.symphony-solutions.eu/repository/npm-all/content-type/-/content-type-1.0.4.tgz",
        "cookie": "https://npm-repo-coral.symphony-solutions.eu/repository/npm-all/cookie/-/cookie-0.3.1.tgz",
        "cookie-signature": "https://npm-repo-coral.symphony-solutions.eu/repository/npm-all/cookie-signature/-/cookie-signature-1.0.6.tgz",
        "debug": "https://npm-repo-coral.symphony-solutions.eu/repository/npm-all/debug/-/debug-2.6.9.tgz",
        "depd": "https://npm-repo-coral.symphony-solutions.eu/repository/npm-all/depd/-/depd-1.1.1.tgz",
        "encodeurl": "https://npm-repo-coral.symphony-solutions.eu/repository/npm-all/encodeurl/-/encodeurl-1.0.1.tgz",
        "escape-html": "https://npm-repo-coral.symphony-solutions.eu/repository/npm-all/escape-html/-/escape-html-1.0.3.tgz",
        "etag": "http://registry.npmjs.org/etag/-/etag-1.8.1.tgz",
        "finalhandler": "http://registry.npmjs.org/finalhandler/-/finalhandler-1.1.0.tgz",
        "fresh": "http://registry.npmjs.org/fresh/-/fresh-0.5.2.tgz",
        "merge-descriptors": "https://npm-repo-coral.symphony-solutions.eu/repository/npm-all/merge-descriptors/-/merge-descriptors-1.0.1.tgz",
        "methods": "https://npm-repo-coral.symphony-solutions.eu/repository/npm-all/methods/-/methods-1.1.2.tgz",
        "on-finished": "https://npm-repo-coral.symphony-solutions.eu/repository/npm-all/on-finished/-/on-finished-2.3.0.tgz",
        "parseurl": "https://npm-repo-coral.symphony-solutions.eu/repository/npm-all/parseurl/-/parseurl-1.3.2.tgz",
        "path-to-regexp": "https://npm-repo-coral.symphony-solutions.eu/repository/npm-all/path-to-regexp/-/path-to-regexp-0.1.7.tgz",
        "proxy-addr": "http://registry.npmjs.org/proxy-addr/-/proxy-addr-2.0.2.tgz",
        "qs": "https://npm-repo-coral.symphony-solutions.eu/repository/npm-all/qs/-/qs-6.5.1.tgz",
        "range-parser": "https://npm-repo-coral.symphony-solutions.eu/repository/npm-all/range-parser/-/range-parser-1.2.0.tgz",
        "safe-buffer": "https://npm-repo-coral.symphony-solutions.eu/repository/npm-all/safe-buffer/-/safe-buffer-5.1.1.tgz",
        "send": "http://registry.npmjs.org/send/-/send-0.16.1.tgz",
        "serve-static": "http://registry.npmjs.org/serve-static/-/serve-static-1.13.1.tgz",
        "setprototypeof": "http://registry.npmjs.org/setprototypeof/-/setprototypeof-1.1.0.tgz",
        "statuses": "https://npm-repo-coral.symphony-solutions.eu/repository/npm-all/statuses/-/statuses-1.3.1.tgz",
        "type-is": "https://npm-repo-coral.symphony-solutions.eu/repository/npm-all/type-is/-/type-is-1.6.15.tgz",
        "utils-merge": "https://npm-repo-coral.symphony-solutions.eu/repository/npm-all/utils-merge/-/utils-merge-1.0.1.tgz",
        "vary": "https://npm-repo-coral.symphony-solutions.eu/repository/npm-all/vary/-/vary-1.1.2.tgz"
      },
      "dependencies": {
        "setprototypeof": {
          "version": "http://registry.npmjs.org/setprototypeof/-/setprototypeof-1.1.0.tgz",
          "integrity": "sha1-0L2FU2iHtv58DYGMuWLZ2RxU5lY="
        },
        "statuses": {
          "version": "https://npm-repo-coral.symphony-solutions.eu/repository/npm-all/statuses/-/statuses-1.3.1.tgz",
          "integrity": "sha1-+vUbnrdKrvOzrPStX2Gr8ky3uT4="
        }
      }
    },
    "finalhandler": {
      "version": "http://registry.npmjs.org/finalhandler/-/finalhandler-1.1.0.tgz",
      "integrity": "sha1-zgtoVbRYU+eRsvzGgARtiCU91/U=",
      "requires": {
        "debug": "https://npm-repo-coral.symphony-solutions.eu/repository/npm-all/debug/-/debug-2.6.9.tgz",
        "encodeurl": "https://npm-repo-coral.symphony-solutions.eu/repository/npm-all/encodeurl/-/encodeurl-1.0.1.tgz",
        "escape-html": "https://npm-repo-coral.symphony-solutions.eu/repository/npm-all/escape-html/-/escape-html-1.0.3.tgz",
        "on-finished": "https://npm-repo-coral.symphony-solutions.eu/repository/npm-all/on-finished/-/on-finished-2.3.0.tgz",
        "parseurl": "https://npm-repo-coral.symphony-solutions.eu/repository/npm-all/parseurl/-/parseurl-1.3.2.tgz",
        "statuses": "https://npm-repo-coral.symphony-solutions.eu/repository/npm-all/statuses/-/statuses-1.3.1.tgz",
        "unpipe": "https://npm-repo-coral.symphony-solutions.eu/repository/npm-all/unpipe/-/unpipe-1.0.0.tgz"
      },
      "dependencies": {
        "statuses": {
          "version": "https://npm-repo-coral.symphony-solutions.eu/repository/npm-all/statuses/-/statuses-1.3.1.tgz",
          "integrity": "sha1-+vUbnrdKrvOzrPStX2Gr8ky3uT4="
        }
      }
    },
    "forwarded": {
      "version": "https://npm-repo-coral.symphony-solutions.eu/repository/npm-all/forwarded/-/forwarded-0.1.2.tgz",
      "integrity": "sha1-mMI9qxF1ZXuMBXPozszZGw/xjIQ="
    },
    "fresh": {
      "version": "http://registry.npmjs.org/fresh/-/fresh-0.5.2.tgz",
      "integrity": "sha1-PYyt2Q2XZWn6g1qx+OSyOhBWBac="
    },
    "hooks-fixed": {
      "version": "http://registry.npmjs.org/hooks-fixed/-/hooks-fixed-2.0.2.tgz",
      "integrity": "sha1-IAdtqgfnfYphBog84/FyLgURQLA="
    },
    "http-errors": {
      "version": "https://npm-repo-coral.symphony-solutions.eu/repository/npm-all/http-errors/-/http-errors-1.6.2.tgz",
      "integrity": "sha1-CgAsyFcHGSp+eUbO7cERVfYOxzY=",
      "requires": {
        "depd": "https://npm-repo-coral.symphony-solutions.eu/repository/npm-all/depd/-/depd-1.1.1.tgz",
        "inherits": "https://npm-repo-coral.symphony-solutions.eu/repository/npm-all/inherits/-/inherits-2.0.3.tgz",
        "setprototypeof": "https://npm-repo-coral.symphony-solutions.eu/repository/npm-all/setprototypeof/-/setprototypeof-1.0.3.tgz",
        "statuses": "https://npm-repo-coral.symphony-solutions.eu/repository/npm-all/statuses/-/statuses-1.4.0.tgz"
      }
    },
    "iconv-lite": {
      "version": "https://npm-repo-coral.symphony-solutions.eu/repository/npm-all/iconv-lite/-/iconv-lite-0.4.19.tgz",
      "integrity": "sha1-90aPYBNfXl2tM5nAqBvpoWA6CCs="
    },
    "inherits": {
      "version": "https://npm-repo-coral.symphony-solutions.eu/repository/npm-all/inherits/-/inherits-2.0.3.tgz",
      "integrity": "sha1-Yzwsg+PaQqUC9SRmAiSA9CCCYd4="
    },
    "ipaddr.js": {
      "version": "http://registry.npmjs.org/ipaddr.js/-/ipaddr.js-1.5.2.tgz",
      "integrity": "sha1-1LUFvemUaYfM8PxY2QEP+WB+P6A="
    },
    "isarray": {
      "version": "https://npm-repo-coral.symphony-solutions.eu/repository/npm-all/isarray/-/isarray-1.0.0.tgz",
      "integrity": "sha1-u5NdSFgsuhaMBoNJV6VKPgcSTxE="
    },
    "kareem": {
      "version": "http://registry.npmjs.org/kareem/-/kareem-1.5.0.tgz",
      "integrity": "sha1-4+QQHZ3P3imXadr0tNtk2JXRdEg="
    },
    "lodash": {
      "version": "https://npm-repo-coral.symphony-solutions.eu/repository/npm-all/lodash/-/lodash-4.17.4.tgz",
      "integrity": "sha1-eCA6TRwyiuHYbcpkYONptX9AVa4="
    },
    "lodash.get": {
      "version": "http://registry.npmjs.org/lodash.get/-/lodash.get-4.4.2.tgz",
      "integrity": "sha1-LRd/ZS+jHpObRDjVNBSZ36OCXpk="
    },
    "media-typer": {
      "version": "https://npm-repo-coral.symphony-solutions.eu/repository/npm-all/media-typer/-/media-typer-0.3.0.tgz",
      "integrity": "sha1-hxDXrwqmJvj/+hzgAWhUUmMlV0g="
    },
    "merge-descriptors": {
      "version": "https://npm-repo-coral.symphony-solutions.eu/repository/npm-all/merge-descriptors/-/merge-descriptors-1.0.1.tgz",
      "integrity": "sha1-sAqqVW3YtEVoFQ7J0blT8/kMu2E="
    },
    "methods": {
      "version": "https://npm-repo-coral.symphony-solutions.eu/repository/npm-all/methods/-/methods-1.1.2.tgz",
      "integrity": "sha1-VSmk1nZUE07cxSZmVoNbD4Ua/O4="
    },
    "mime": {
      "version": "https://npm-repo-coral.symphony-solutions.eu/repository/npm-all/mime/-/mime-1.4.1.tgz",
      "integrity": "sha1-Eh+evEnjdm8xGnbh+hyAA8SwOqY="
    },
    "mime-db": {
      "version": "https://npm-repo-coral.symphony-solutions.eu/repository/npm-all/mime-db/-/mime-db-1.30.0.tgz",
      "integrity": "sha1-dMZD2i3Z1qRTmZY0ZbJtXKfXHwE="
    },
    "mime-types": {
      "version": "https://npm-repo-coral.symphony-solutions.eu/repository/npm-all/mime-types/-/mime-types-2.1.17.tgz",
      "integrity": "sha1-Cdejk/A+mVp5+K+Fe3Cp4KsWVXo=",
      "requires": {
        "mime-db": "https://npm-repo-coral.symphony-solutions.eu/repository/npm-all/mime-db/-/mime-db-1.30.0.tgz"
      }
    },
    "mongodb": {
      "version": "http://registry.npmjs.org/mongodb/-/mongodb-2.2.33.tgz",
      "integrity": "sha1-tTfEcdNKZlG0jzb9vyl1A0Dgi1A=",
      "requires": {
        "es6-promise": "http://registry.npmjs.org/es6-promise/-/es6-promise-3.2.1.tgz",
        "mongodb-core": "http://registry.npmjs.org/mongodb-core/-/mongodb-core-2.1.17.tgz",
        "readable-stream": "http://registry.npmjs.org/readable-stream/-/readable-stream-2.2.7.tgz"
      }
    },
    "mongodb-core": {
      "version": "http://registry.npmjs.org/mongodb-core/-/mongodb-core-2.1.17.tgz",
      "integrity": "sha1-pBizN6FKFJkPtRC5I97mqBMXPfg=",
      "requires": {
        "bson": "http://registry.npmjs.org/bson/-/bson-1.0.4.tgz",
        "require_optional": "http://registry.npmjs.org/require_optional/-/require_optional-1.0.1.tgz"
      }
    },
    "mongoose": {
      "version": "http://registry.npmjs.org/mongoose/-/mongoose-4.13.2.tgz",
      "integrity": "sha1-ljkkHOnNHf7c0WSu+UHAnJ6xKxo=",
      "requires": {
        "async": "http://registry.npmjs.org/async/-/async-2.1.4.tgz",
        "bson": "http://registry.npmjs.org/bson/-/bson-1.0.4.tgz",
        "hooks-fixed": "http://registry.npmjs.org/hooks-fixed/-/hooks-fixed-2.0.2.tgz",
        "kareem": "http://registry.npmjs.org/kareem/-/kareem-1.5.0.tgz",
        "lodash.get": "http://registry.npmjs.org/lodash.get/-/lodash.get-4.4.2.tgz",
        "mongodb": "http://registry.npmjs.org/mongodb/-/mongodb-2.2.33.tgz",
        "mpath": "http://registry.npmjs.org/mpath/-/mpath-0.3.0.tgz",
        "mpromise": "http://registry.npmjs.org/mpromise/-/mpromise-0.5.5.tgz",
        "mquery": "http://registry.npmjs.org/mquery/-/mquery-2.3.2.tgz",
        "ms": "https://npm-repo-coral.symphony-solutions.eu/repository/npm-all/ms/-/ms-2.0.0.tgz",
        "muri": "http://registry.npmjs.org/muri/-/muri-1.3.0.tgz",
        "regexp-clone": "http://registry.npmjs.org/regexp-clone/-/regexp-clone-0.0.1.tgz",
        "sliced": "http://registry.npmjs.org/sliced/-/sliced-1.0.1.tgz"
      }
    },
    "mpath": {
      "version": "http://registry.npmjs.org/mpath/-/mpath-0.3.0.tgz",
      "integrity": "sha1-elj3iem1/TyUUgY0FXlg8mvV70Q="
    },
    "mpromise": {
      "version": "http://registry.npmjs.org/mpromise/-/mpromise-0.5.5.tgz",
      "integrity": "sha1-9bJCWddjrMIlewoMjG2Gb9UXMuY="
    },
    "mquery": {
      "version": "http://registry.npmjs.org/mquery/-/mquery-2.3.2.tgz",
      "integrity": "sha1-4sYK0RfPCA8u+x7N0UTnu/+/yhE=",
      "requires": {
        "bluebird": "https://npm-repo-coral.symphony-solutions.eu/repository/npm-all/bluebird/-/bluebird-3.5.1.tgz",
        "debug": "https://npm-repo-coral.symphony-solutions.eu/repository/npm-all/debug/-/debug-2.6.9.tgz",
        "regexp-clone": "http://registry.npmjs.org/regexp-clone/-/regexp-clone-0.0.1.tgz",
        "sliced": "http://registry.npmjs.org/sliced/-/sliced-0.0.5.tgz"
      },
      "dependencies": {
        "sliced": {
          "version": "http://registry.npmjs.org/sliced/-/sliced-0.0.5.tgz",
          "integrity": "sha1-XtwETKTrb3gW1Qui/GPiXY/kcH8="
        }
      }
    },
    "ms": {
      "version": "https://npm-repo-coral.symphony-solutions.eu/repository/npm-all/ms/-/ms-2.0.0.tgz",
      "integrity": "sha1-VgiurfwAvmwpAd9fmGF4jeDVl8g="
    },
    "muri": {
      "version": "http://registry.npmjs.org/muri/-/muri-1.3.0.tgz",
      "integrity": "sha1-rszz22TFaqfFs04A+Vt4eFJ6RyE="
    },
    "negotiator": {
      "version": "https://npm-repo-coral.symphony-solutions.eu/repository/npm-all/negotiator/-/negotiator-0.6.1.tgz",
      "integrity": "sha1-KzJxhOiZIQEXeyhWP7XnECrNDKk="
    },
    "on-finished": {
      "version": "https://npm-repo-coral.symphony-solutions.eu/repository/npm-all/on-finished/-/on-finished-2.3.0.tgz",
      "integrity": "sha1-IPEzZIGwg811M3mSoWlxqi2QaUc=",
      "requires": {
        "ee-first": "https://npm-repo-coral.symphony-solutions.eu/repository/npm-all/ee-first/-/ee-first-1.1.1.tgz"
      }
    },
    "parseurl": {
      "version": "https://npm-repo-coral.symphony-solutions.eu/repository/npm-all/parseurl/-/parseurl-1.3.2.tgz",
      "integrity": "sha1-/CidTtiZMRlGDBViUyYs3I3mW/M="
    },
    "path-to-regexp": {
      "version": "https://npm-repo-coral.symphony-solutions.eu/repository/npm-all/path-to-regexp/-/path-to-regexp-0.1.7.tgz",
      "integrity": "sha1-32BBeABfUi8V60SQ5yR6G/qmf4w="
    },
    "process-nextick-args": {
      "version": "https://npm-repo-coral.symphony-solutions.eu/repository/npm-all/process-nextick-args/-/process-nextick-args-1.0.7.tgz",
      "integrity": "sha1-FQ4gt1ZZCtP5EJPyWk8q2L/zC6M="
    },
    "proxy-addr": {
      "version": "http://registry.npmjs.org/proxy-addr/-/proxy-addr-2.0.2.tgz",
      "integrity": "sha1-ZXFQT0e7mI7IGAJT+F3X4UlSvew=",
      "requires": {
        "forwarded": "https://npm-repo-coral.symphony-solutions.eu/repository/npm-all/forwarded/-/forwarded-0.1.2.tgz",
        "ipaddr.js": "http://registry.npmjs.org/ipaddr.js/-/ipaddr.js-1.5.2.tgz"
      }
    },
    "qs": {
      "version": "https://npm-repo-coral.symphony-solutions.eu/repository/npm-all/qs/-/qs-6.5.1.tgz",
      "integrity": "sha1-NJzfbu+J7EXBLX1es/wMhwNDptg="
    },
    "range-parser": {
      "version": "https://npm-repo-coral.symphony-solutions.eu/repository/npm-all/range-parser/-/range-parser-1.2.0.tgz",
      "integrity": "sha1-9JvmtIeJTdxA3MlKMi9hEJLgDV4="
    },
    "raw-body": {
      "version": "https://npm-repo-coral.symphony-solutions.eu/repository/npm-all/raw-body/-/raw-body-2.3.2.tgz",
      "integrity": "sha1-vNYMd9Prk83gBQKVw/N5OJvIj4k=",
      "requires": {
        "bytes": "https://npm-repo-coral.symphony-solutions.eu/repository/npm-all/bytes/-/bytes-3.0.0.tgz",
        "http-errors": "https://npm-repo-coral.symphony-solutions.eu/repository/npm-all/http-errors/-/http-errors-1.6.2.tgz",
        "iconv-lite": "https://npm-repo-coral.symphony-solutions.eu/repository/npm-all/iconv-lite/-/iconv-lite-0.4.19.tgz",
        "unpipe": "https://npm-repo-coral.symphony-solutions.eu/repository/npm-all/unpipe/-/unpipe-1.0.0.tgz"
      }
    },
    "readable-stream": {
      "version": "http://registry.npmjs.org/readable-stream/-/readable-stream-2.2.7.tgz",
      "integrity": "sha1-BwV6y+JGeyIELTb5jFrVBwVOlbE=",
      "requires": {
        "buffer-shims": "http://registry.npmjs.org/buffer-shims/-/buffer-shims-1.0.0.tgz",
        "core-util-is": "https://npm-repo-coral.symphony-solutions.eu/repository/npm-all/core-util-is/-/core-util-is-1.0.2.tgz",
        "inherits": "https://npm-repo-coral.symphony-solutions.eu/repository/npm-all/inherits/-/inherits-2.0.3.tgz",
        "isarray": "https://npm-repo-coral.symphony-solutions.eu/repository/npm-all/isarray/-/isarray-1.0.0.tgz",
        "process-nextick-args": "https://npm-repo-coral.symphony-solutions.eu/repository/npm-all/process-nextick-args/-/process-nextick-args-1.0.7.tgz",
        "string_decoder": "https://npm-repo-coral.symphony-solutions.eu/repository/npm-all/string_decoder/-/string_decoder-1.0.3.tgz",
        "util-deprecate": "https://npm-repo-coral.symphony-solutions.eu/repository/npm-all/util-deprecate/-/util-deprecate-1.0.2.tgz"
      }
    },
    "regexp-clone": {
      "version": "http://registry.npmjs.org/regexp-clone/-/regexp-clone-0.0.1.tgz",
      "integrity": "sha1-p8LgmJH9vzj7sQ03b7cwA+aKxYk="
    },
    "require_optional": {
      "version": "http://registry.npmjs.org/require_optional/-/require_optional-1.0.1.tgz",
      "integrity": "sha1-TPNaQkf2TKPfjC7yCMxJSxyo/C4=",
      "requires": {
        "resolve-from": "http://registry.npmjs.org/resolve-from/-/resolve-from-2.0.0.tgz",
        "semver": "http://registry.npmjs.org/semver/-/semver-5.4.1.tgz"
      }
    },
    "resolve-from": {
      "version": "http://registry.npmjs.org/resolve-from/-/resolve-from-2.0.0.tgz",
      "integrity": "sha1-lICrIOlP+h2egKgEx+oUdhGWa1c="
    },
    "safe-buffer": {
      "version": "https://npm-repo-coral.symphony-solutions.eu/repository/npm-all/safe-buffer/-/safe-buffer-5.1.1.tgz",
      "integrity": "sha1-iTMSr2myEj3vcfV4iQAWce6yyFM="
    },
    "semver": {
      "version": "http://registry.npmjs.org/semver/-/semver-5.4.1.tgz",
      "integrity": "sha1-4FnAnYVx8FQII3M0M1BdOi8AsY4="
    },
    "send": {
      "version": "http://registry.npmjs.org/send/-/send-0.16.1.tgz",
      "integrity": "sha1-pw4coh0TgsEdDZ9iMd6ygQgNerM=",
      "requires": {
        "debug": "https://npm-repo-coral.symphony-solutions.eu/repository/npm-all/debug/-/debug-2.6.9.tgz",
        "depd": "https://npm-repo-coral.symphony-solutions.eu/repository/npm-all/depd/-/depd-1.1.1.tgz",
        "destroy": "https://npm-repo-coral.symphony-solutions.eu/repository/npm-all/destroy/-/destroy-1.0.4.tgz",
        "encodeurl": "https://npm-repo-coral.symphony-solutions.eu/repository/npm-all/encodeurl/-/encodeurl-1.0.1.tgz",
        "escape-html": "https://npm-repo-coral.symphony-solutions.eu/repository/npm-all/escape-html/-/escape-html-1.0.3.tgz",
        "etag": "http://registry.npmjs.org/etag/-/etag-1.8.1.tgz",
        "fresh": "http://registry.npmjs.org/fresh/-/fresh-0.5.2.tgz",
        "http-errors": "https://npm-repo-coral.symphony-solutions.eu/repository/npm-all/http-errors/-/http-errors-1.6.2.tgz",
        "mime": "https://npm-repo-coral.symphony-solutions.eu/repository/npm-all/mime/-/mime-1.4.1.tgz",
        "ms": "https://npm-repo-coral.symphony-solutions.eu/repository/npm-all/ms/-/ms-2.0.0.tgz",
        "on-finished": "https://npm-repo-coral.symphony-solutions.eu/repository/npm-all/on-finished/-/on-finished-2.3.0.tgz",
        "range-parser": "https://npm-repo-coral.symphony-solutions.eu/repository/npm-all/range-parser/-/range-parser-1.2.0.tgz",
        "statuses": "https://npm-repo-coral.symphony-solutions.eu/repository/npm-all/statuses/-/statuses-1.3.1.tgz"
      },
      "dependencies": {
        "statuses": {
          "version": "https://npm-repo-coral.symphony-solutions.eu/repository/npm-all/statuses/-/statuses-1.3.1.tgz",
          "integrity": "sha1-+vUbnrdKrvOzrPStX2Gr8ky3uT4="
        }
      }
    },
    "serve-static": {
      "version": "http://registry.npmjs.org/serve-static/-/serve-static-1.13.1.tgz",
      "integrity": "sha1-TFfVNASnYdjy58HooYpH2/J4pxk=",
      "requires": {
        "encodeurl": "https://npm-repo-coral.symphony-solutions.eu/repository/npm-all/encodeurl/-/encodeurl-1.0.1.tgz",
        "escape-html": "https://npm-repo-coral.symphony-solutions.eu/repository/npm-all/escape-html/-/escape-html-1.0.3.tgz",
        "parseurl": "https://npm-repo-coral.symphony-solutions.eu/repository/npm-all/parseurl/-/parseurl-1.3.2.tgz",
        "send": "http://registry.npmjs.org/send/-/send-0.16.1.tgz"
      }
    },
    "setprototypeof": {
      "version": "https://npm-repo-coral.symphony-solutions.eu/repository/npm-all/setprototypeof/-/setprototypeof-1.0.3.tgz",
      "integrity": "sha1-ZlZ+NwQ+608E2RvWWMDL77VbjgQ="
    },
    "sliced": {
      "version": "http://registry.npmjs.org/sliced/-/sliced-1.0.1.tgz",
      "integrity": "sha1-CzpmK10Ewxd7GSa+qCsD+Dei70E="
    },
    "statuses": {
      "version": "https://npm-repo-coral.symphony-solutions.eu/repository/npm-all/statuses/-/statuses-1.4.0.tgz",
      "integrity": "sha1-u3PURtonlhBu/MG2AaJT1sRr0Ic="
    },
    "string_decoder": {
      "version": "https://npm-repo-coral.symphony-solutions.eu/repository/npm-all/string_decoder/-/string_decoder-1.0.3.tgz",
      "integrity": "sha1-D8Z9fBQYJd6UKC3VNr7GubzoYKs=",
      "requires": {
        "safe-buffer": "https://npm-repo-coral.symphony-solutions.eu/repository/npm-all/safe-buffer/-/safe-buffer-5.1.1.tgz"
      }
    },
    "type-is": {
      "version": "https://npm-repo-coral.symphony-solutions.eu/repository/npm-all/type-is/-/type-is-1.6.15.tgz",
      "integrity": "sha1-yrEPtJCeRByChC6v4a1kbIGARBA=",
      "requires": {
        "media-typer": "https://npm-repo-coral.symphony-solutions.eu/repository/npm-all/media-typer/-/media-typer-0.3.0.tgz",
        "mime-types": "https://npm-repo-coral.symphony-solutions.eu/repository/npm-all/mime-types/-/mime-types-2.1.17.tgz"
      }
    },
    "unpipe": {
      "version": "https://npm-repo-coral.symphony-solutions.eu/repository/npm-all/unpipe/-/unpipe-1.0.0.tgz",
      "integrity": "sha1-sr9O6FFKrmFltIF4KdIbLvSZBOw="
    },
    "util-deprecate": {
      "version": "https://npm-repo-coral.symphony-solutions.eu/repository/npm-all/util-deprecate/-/util-deprecate-1.0.2.tgz",
      "integrity": "sha1-RQ1Nyfpw3nMnYvvS1KKJgUGaDM8="
    },
    "utils-merge": {
      "version": "https://npm-repo-coral.symphony-solutions.eu/repository/npm-all/utils-merge/-/utils-merge-1.0.1.tgz",
      "integrity": "sha1-n5VxD1CiZ5R7LMwSR0HBAoQn5xM="
    },
    "vary": {
      "version": "https://npm-repo-coral.symphony-solutions.eu/repository/npm-all/vary/-/vary-1.1.2.tgz",
      "integrity": "sha1-IpnwLG3tMNSllhsLn3RSShj2NPw="
    }
  }
}
